{
  "requires": true,
  "lockfileVersion": 1,
  "dependencies": {
    "cookieparser": {
      "version": "0.1.0",
      "resolved": "https://registry.npmjs.org/cookieparser/-/cookieparser-0.1.0.tgz",
      "integrity": "sha1-6hLLEIXBdPMWf66veYX3mr5nHQ4="
    },
    "js-cookie": {
      "version": "2.2.1",
      "resolved": "https://registry.npmjs.org/js-cookie/-/js-cookie-2.2.1.tgz",
      "integrity": "sha512-HvdH2LzI/EAZcUwA8+0nKNtWHqS+ZmijLA30RwZA0bo7ToCckjK5MkGhjED9KoRcXO6BaGI3I9UIzSA1FKFPOQ=="
    }
  }
}
